
Microsoft Visual Studio Solution File, Format Version 12.00
# Visual Studio Version 17
VisualStudioVersion = 17.7.34202.233
MinimumVisualStudioVersion = 10.0.40219.1
Project("{FAE04EC0-301F-11D3-BF4B-00C04F79EFBC}") = "PedeRoca", "PedeRoca\PedeRoca.csproj", "{38367CD2-EEBB-4969-9513-87373CB49256}"
EndProject
Global
	GlobalSection(SolutionConfigurationPlatforms) = preSolution
		Debug|Any CPU = Debug|Any CPU
		Release|Any CPU = Release|Any CPU
	EndGlobalSection
	GlobalSection(ProjectConfigurationPlatforms) = postSolution
		{38367CD2-EEBB-4969-9513-87373CB49256}.Debug|Any CPU.ActiveCfg = Debug|Any CPU
		{38367CD2-EEBB-4969-9513-87373CB49256}.Debug|Any CPU.Build.0 = Debug|Any CPU
		{38367CD2-EEBB-4969-9513-87373CB49256}.Release|Any CPU.ActiveCfg = Release|Any CPU
		{38367CD2-EEBB-4969-9513-87373CB49256}.Release|Any CPU.Build.0 = Release|Any CPU
	EndGlobalSection
	GlobalSection(SolutionProperties) = preSolution
		HideSolutionNode = FALSE
	EndGlobalSection
	GlobalSection(ExtensibilityGlobals) = postSolution
		SolutionGuid = {ECB4B619-1D43-405B-B1B1-E3C756F8DE02}
	EndGlobalSection
EndGlobal
